lockfileVersion: '9.0'

settings:
  autoInstallPeers: true
  excludeLinksFromLockfile: false

importers:

  .:
    dependencies:
      pnpm:
        specifier: 11.23.0
        version: 11.23.0

packages:

  pnpm@11.23.0:
    resolution: {integrity: sha512-8ACC5bKDoZm3Tgedoo0VXACP4jL0TIoG6n3foBTs9xn8Ni95DsxnsoEG3awq+yTEmpoHkVnaVgss59Hpjv0Rrw==}
    engines: {node: '>=22.13'}
    hasBin: true

snapshots:

  pnpm@11.23.0: {}
